# This file is automatically @generated by Cargo.
# It is not intended for manual editing.
version = 4

[[package]]
name = "scratcharch-core"
version = "0.1.0"

[[package]]
name = "scratcharch-driver"
version = "0.1.0"
dependencies = [
 "scratcharch-core",
 "scratcharch-ir",
 "scratcharch-llvm",
 "scratcharch-opt",
 "scratcharch-runtime",
 "scratcharch-sair-interpreter",
 "scratcharch-target",
 "scratcharch-vm",
]

[[package]]
name = "scratcharch-ir"
version = "0.1.0"
dependencies = [
 "scratcharch-core",
 "scratcharch-target",
 "scratcharch-vm",
]

[[package]]
name = "scratcharch-llvm"
version = "0.1.0"
dependencies = [
 "scratcharch-ir",
 "scratcharch-sair-interpreter",
]

[[package]]
name = "scratcharch-opt"
version = "0.1.0"
dependencies = [
 "scratcharch-ir",
 "scratcharch-llvm",
 "scratcharch-sair-interpreter",
]

[[package]]
name = "scratcharch-runtime"
version = "0.1.0"

[[package]]
name = "scratcharch-sair-interpreter"
version = "0.1.0"
dependencies = [
 "scratcharch-core",
 "scratcharch-ir",
 "scratcharch-runtime",
]

[[package]]
name = "scratcharch-target"
version = "0.1.0"

[[package]]
name = "scratcharch-vm"
version = "0.1.0"
dependencies = [
 "scratcharch-core",
]
